
Microsoft Visual Studio Solution File, Format Version 12.00
# Visual Studio Version 17
VisualStudioVersion = 17.14.36414.22 d17.14
MinimumVisualStudioVersion = 10.0.40219.1
Project("{FAE04EC0-301F-11D3-BF4B-00C04F79EFBC}") = "GestaoHospitalar", "GestaoHospitalar.csproj", "{5DF0F5D4-F84D-49FC-B599-F13C906DD428}"
EndProject
Global
	GlobalSection(SolutionConfigurationPlatforms) = preSolution
		Debug|Any CPU = Debug|Any CPU
		Release|Any CPU = Release|Any CPU
	EndGlobalSection
	GlobalSection(ProjectConfigurationPlatforms) = postSolution
		{5DF0F5D4-F84D-49FC-B599-F13C906DD428}.Debug|Any CPU.ActiveCfg = Debug|Any CPU
		{5DF0F5D4-F84D-49FC-B599-F13C906DD428}.Debug|Any CPU.Build.0 = Debug|Any CPU
		{5DF0F5D4-F84D-49FC-B599-F13C906DD428}.Release|Any CPU.ActiveCfg = Release|Any CPU
		{5DF0F5D4-F84D-49FC-B599-F13C906DD428}.Release|Any CPU.Build.0 = Release|Any CPU
	EndGlobalSection
	GlobalSection(SolutionProperties) = preSolution
		HideSolutionNode = FALSE
	EndGlobalSection
	GlobalSection(ExtensibilityGlobals) = postSolution
		SolutionGuid = {6F73C5B6-E0CE-410B-9384-890E46594859}
	EndGlobalSection
EndGlobal
